// !$*UTF8*$!
{
	archiveVersion = 1;
	classes = {
	};
	objectVersion = 50;
	objects = {

/* Begin PBXBuildFile section */
		8EA09EAD244904ED005E3E4E /* AppDelegate.swift in Sources */ = {isa = PBXBuildFile; fileRef = 8EA09EAC244904ED005E3E4E /* AppDelegate.swift */; };
		8EA09EAF244904ED005E3E4E /* SceneDelegate.swift in Sources */ = {isa = PBXBuildFile; fileRef = 8EA09EAE244904ED005E3E4E /* SceneDelegate.swift */; };
		8EA09EB1244904ED005E3E4E /* ContentView.swift in Sources */ = {isa = PBXBuildFile; fileRef = 8EA09EB0244904ED005E3E4E /* ContentView.swift */; };
		8EA09EB3244904EF005E3E4E /* Assets.xcassets in Resources */ = {isa = PBXBuildFile; fileRef = 8EA09EB2244904EF005E3E4E /* Assets.xcassets */; };
		8EA09EB6244904EF005E3E4E /* Preview Assets.xcassets in Resources */ = {isa = PBXBuildFile; fileRef = 8EA09EB5244904EF005E3E4E /* Preview Assets.xcassets */; };
		8EA09EB9244904EF005E3E4E /* LaunchScreen.storyboard in Resources */ = {isa = PBXBuildFile; fileRef = 8EA09EB7244904EF005E3E4E /* LaunchScreen.storyboard */; };
		8EA09EC4244904EF005E3E4E /* WeSplitTests.swift in Sources */ = {isa = PBXBuildFile; fileRef = 8EA09EC3244904EF005E3E4E /* WeSplitTests.swift */; };
		8EA09ECF244904EF005E3E4E /* WeSplitUITests.swift in Sources */ = {isa = PBXBuildFile; fileRef = 8EA09ECE244904EF005E3E4E /* WeSplitUITests.swift */; };
/* End PBXBuildFile section */

/* Begin PBXContainerItemProxy section */
		8EA09EC0244904EF005E3E4E /* PBXContainerItemProxy */ = {
			isa = PBXContainerItemProxy;
			containerPortal = 8EA09EA1244904ED005E3E4E /* Project object */;
			proxyType = 1;
			remoteGlobalIDString = 8EA09EA8244904ED005E3E4E;
			remoteInfo = WeSplit;
		};
		8EA09ECB244904EF005E3E4E /* PBXContainerItemProxy */ = {
			isa = PBXContainerItemProxy;
			containerPortal = 8EA09EA1244904ED005E3E4E /* Project object */;
			proxyType = 1;
			remoteGlobalIDString = 8EA09EA8244904ED005E3E4E;
			remoteInfo = WeSplit;
		};
/* End PBXContainerItemProxy section */

/* Begin PBXFileReference section */
		8EA09EA9244904ED005E3E4E /* WeSplit.app */ = {isa = PBXFileReference; explicitFileType = wrapper.application; includeInIndex = 0; path = WeSplit.app; sourceTree = BUILT_PRODUCTS_DIR; };
		8EA09EAC244904ED005E3E4E /* AppDelegate.swift */ = {isa = PBXFileReference; lastKnownFileType = sourcecode.swift; path = AppDelegate.swift; sourceTree = "<group>"; };
		8EA09EAE244904ED005E3E4E /* SceneDelegate.swift */ = {isa = PBXFileReference; lastKnownFileType = sourcecode.swift; path = SceneDelegate.swift; sourceTree = "<group>"; };
		8EA09EB0244904ED005E3E4E /* ContentView.swift */ = {isa = PBXFileReference; lastKnownFileType = sourcecode.swift; path = ContentView.swift; sourceTree = "<group>"; };
		8EA09EB2244904EF005E3E4E /* Assets.xcassets */ = {isa = PBXFileReference; lastKnownFileType = folder.assetcatalog; path = Assets.xcassets; sourceTree = "<group>"; };
		8EA09EB5244904EF005E3E4E /* Preview Assets.xcassets */ = {isa = PBXFileReference; lastKnownFileType = folder.assetcatalog; path = "Preview Assets.xcassets"; sourceTree = "<group>"; };
		8EA09EB8244904EF005E3E4E /* Base */ = {isa = PBXFileReference; lastKnownFileType = file.storyboard; name = Base; path = Base.lproj/LaunchScreen.storyboard; sourceTree = "<group>"; };
		8EA09EBA244904EF005E3E4E /* Info.plist */ = {isa = PBXFileReference; lastKnownFileType = text.plist.xml; path = Info.plist; sourceTree = "<group>"; };
		8EA09EBF244904EF005E3E4E /* WeSplitTests.xctest */ = {isa = PBXFileReference; explicitFileType = wrapper.cfbundle; includeInIndex = 0; path = WeSplitTests.xctest; sourceTree = BUILT_PRODUCTS_DIR; };
		8EA09EC3244904EF005E3E4E /* WeSplitTests.swift */ = {isa = PBXFileReference; lastKnownFileType = sourcecode.swift; path = WeSplitTests.swift; sourceTree = "<group>"; };
		8EA09EC5244904EF005E3E4E /* Info.plist */ = {isa = PBXFileReference; lastKnownFileType = text.plist.xml; path = Info.plist; sourceTree = "<group>"; };
		8EA09ECA244904EF005E3E4E /* WeSplitUITests.xctest */ = {isa = PBXFileReference; explicitFileType = wrapper.cfbundle; includeInIndex = 0; path = WeSplitUITests.xctest; sourceTree = BUILT_PRODUCTS_DIR; };
		8EA09ECE244904EF005E3E4E /* WeSplitUITests.swift */ = {isa = PBXFileReference; lastKnownFileType = sourcecode.swift; path = WeSplitUITests.swift; sourceTree = "<group>"; };
		8EA09ED0244904EF005E3E4E /* Info.plist */ = {isa = PBXFileReference; lastKnownFileType = text.plist.xml; path = Info.plist; sourceTree = "<group>"; };
/* End PBXFileReference section */

/* Begin PBXFrameworksBuildPhase section */
		8EA09EA6244904ED005E3E4E /* Frameworks */ = {
			isa = PBXFrameworksBuildPhase;
			buildActionMask = 2147483647;
			files = (
			);
			runOnlyForDeploymentPostprocessing = 0;
		};
		8EA09EBC244904EF005E3E4E /* Frameworks */ = {
			isa = PBXFrameworksBuildPhase;
			buildActionMask = 2147483647;
			files = (
			);
			runOnlyForDeploymentPostprocessing = 0;
		};
		8EA09EC7244904EF005E3E4E /* Frameworks */ = {
			isa = PBXFrameworksBuildPhase;
			buildActionMask = 2147483647;
			files = (
			);
			runOnlyForDeploymentPostprocessing = 0;
		};
/* End PBXFrameworksBuildPhase section */

/* Begin PBXGroup section */
		8EA09EA0244904ED005E3E4E = {
			isa = PBXGroup;
			children = (
				8EA09EAB244904ED005E3E4E /* WeSplit */,
				8EA09EC2244904EF005E3E4E /* WeSplitTests */,
				8EA09ECD244904EF005E3E4E /* WeSplitUITests */,
				8EA09EAA244904ED005E3E4E /* Products */,
			);
			sourceTree = "<group>";
		};
		8EA09EAA244904ED005E3E4E /* Products */ = {
			isa = PBXGroup;
			children = (
				8EA09EA9244904ED005E3E4E /* WeSplit.app */,
				8EA09EBF244904EF005E3E4E /* WeSplitTests.xctest */,
				8EA09ECA244904EF005E3E4E /* WeSplitUITests.xctest */,
			);
			name = Products;
			sourceTree = "<group>";
		};
		8EA09EAB244904ED005E3E4E /* WeSplit */ = {
			isa = PBXGroup;
			children = (
				8EA09EAC244904ED005E3E4E /* AppDelegate.swift */,
				8EA09EAE244904ED005E3E4E /* SceneDelegate.swift */,
				8EA09EB0244904ED005E3E4E /* ContentView.swift */,
				8EA09EB2244904EF005E3E4E /* Assets.xcassets */,
				8EA09EB7244904EF005E3E4E /* LaunchScreen.storyboard */,
				8EA09EBA244904EF005E3E4E /* Info.plist */,
				8EA09EB4244904EF005E3E4E /* Preview Content */,
			);
			path = WeSplit;
			sourceTree = "<group>";
		};
		8EA09EB4244904EF005E3E4E /* Preview Content */ = {
			isa = PBXGroup;
			children = (
				8EA09EB5244904EF005E3E4E /* Preview Assets.xcassets */,
			);
			path = "Preview Content";
			sourceTree = "<group>";
		};
		8EA09EC2244904EF005E3E4E /* WeSplitTests */ = {
			isa = PBXGroup;
			children = (
				8EA09EC3244904EF005E3E4E /* WeSplitTests.swift */,
				8EA09EC5244904EF005E3E4E /* Info.plist */,
			);
			path = WeSplitTests;
			sourceTree = "<group>";
		};
		8EA09ECD244904EF005E3E4E /* WeSplitUITests */ = {
			isa = PBXGroup;
			children = (
				8EA09ECE244904EF005E3E4E /* WeSplitUITests.swift */,
				8EA09ED0244904EF005E3E4E /* Info.plist */,
			);
			path = WeSplitUITests;
			sourceTree = "<group>";
		};
/* End PBXGroup section */

/* Begin PBXNativeTarget section */
		8EA09EA8244904ED005E3E4E /* WeSplit */ = {
			isa = PBXNativeTarget;
			buildConfigurationList = 8EA09ED3244904EF005E3E4E /* Build configuration list for PBXNativeTarget "WeSplit" */;
			buildPhases = (
				8EA09EA5244904ED005E3E4E /* Sources */,
				8EA09EA6244904ED005E3E4E /* Frameworks */,
				8EA09EA7244904ED005E3E4E /* Resources */,
			);
			buildRules = (
			);
			dependencies = (
			);
			name = WeSplit;
			productName = WeSplit;
			productReference = 8EA09EA9244904ED005E3E4E /* WeSplit.app */;
			productType = "com.apple.product-type.application";
		};
		8EA09EBE244904EF005E3E4E /* WeSplitTests */ = {
			isa = PBXNativeTarget;
			buildConfigurationList = 8EA09ED6244904EF005E3E4E /* Build configuration list for PBXNativeTarget "WeSplitTests" */;
			buildPhases = (
				8EA09EBB244904EF005E3E4E /* Sources */,
				8EA09EBC244904EF005E3E4E /* Frameworks */,
				8EA09EBD244904EF005E3E4E /* Resources */,
			);
			buildRules = (
			);
			dependencies = (
				8EA09EC1244904EF005E3E4E /* PBXTargetDependency */,
			);
			name = WeSplitTests;
			productName = WeSplitTests;
			productReference = 8EA09EBF244904EF005E3E4E /* WeSplitTests.xctest */;
			productType = "com.apple.product-type.bundle.unit-test";
		};
		8EA09EC9244904EF005E3E4E /* WeSplitUITests */ = {
			isa = PBXNativeTarget;
			buildConfigurationList = 8EA09ED9244904EF005E3E4E /* Build configuration list for PBXNativeTarget "WeSplitUITests" */;
			buildPhases = (
				8EA09EC6244904EF005E3E4E /* Sources */,
				8EA09EC7244904EF005E3E4E /* Frameworks */,
				8EA09EC8244904EF005E3E4E /* Resources */,
			);
			buildRules = (
			);
			dependencies = (
				8EA09ECC244904EF005E3E4E /* PBXTargetDependency */,
			);
			name = WeSplitUITests;
			productName = WeSplitUITests;
			productReference = 8EA09ECA244904EF005E3E4E /* WeSplitUITests.xctest */;
			productType = "com.apple.product-type.bundle.ui-testing";
		};
/* End PBXNativeTarget section */

/* Begin PBXProject section */
		8EA09EA1244904ED005E3E4E /* Project object */ = {
			isa = PBXProject;
			attributes = {
				LastSwiftUpdateCheck = 1140;
				LastUpgradeCheck = 1140;
				ORGANIZATIONNAME = Dirisu;
				TargetAttributes = {
					8EA09EA8244904ED005E3E4E = {
						CreatedOnToolsVersion = 11.4.1;
					};
					8EA09EBE244904EF005E3E4E = {
						CreatedOnToolsVersion = 11.4.1;
						TestTargetID = 8EA09EA8244904ED005E3E4E;
					};
					8EA09EC9244904EF005E3E4E = {
						CreatedOnToolsVersion = 11.4.1;
						TestTargetID = 8EA09EA8244904ED005E3E4E;
					};
				};
			};
			buildConfigurationList = 8EA09EA4244904ED005E3E4E /* Build configuration list for PBXProject "WeSplit" */;
			compatibilityVersion = "Xcode 9.3";
			developmentRegion = en;
			hasScannedForEncodings = 0;
			knownRegions = (
				en,
				Base,
			);
			mainGroup = 8EA09EA0244904ED005E3E4E;
			productRefGroup = 8EA09EAA244904ED005E3E4E /* Products */;
			projectDirPath = "";
			projectRoot = "";
			targets = (
				8EA09EA8244904ED005E3E4E /* WeSplit */,
				8EA09EBE244904EF005E3E4E /* WeSplitTests */,
				8EA09EC9244904EF005E3E4E /* WeSplitUITests */,
			);
		};
/* End PBXProject section */

/* Begin PBXResourcesBuildPhase section */
		8EA09EA7244904ED005E3E4E /* Resources */ = {
			isa = PBXResourcesBuildPhase;
			buildActionMask = 2147483647;
			files = (
				8EA09EB9244904EF005E3E4E /* LaunchScreen.storyboard in Resources */,
				8EA09EB6244904EF005E3E4E /* Preview Assets.xcassets in Resources */,
				8EA09EB3244904EF005E3E4E /* Assets.xcassets in Resources */,
			);
			runOnlyForDeploymentPostprocessing = 0;
		};
		8EA09EBD244904EF005E3E4E /* Resources */ = {
			isa = PBXResourcesBuildPhase;
			buildActionMask = 2147483647;
			files = (
			);
			runOnlyForDeploymentPostprocessing = 0;
		};
		8EA09EC8244904EF005E3E4E /* Resources */ = {
			isa = PBXResourcesBuildPhase;
			buildActionMask = 2147483647;
			files = (
			);
			runOnlyForDeploymentPostprocessing = 0;
		};
/* End PBXResourcesBuildPhase section */

/* Begin PBXSourcesBuildPhase section */
		8EA09EA5244904ED005E3E4E /* Sources */ = {
			isa = PBXSourcesBuildPhase;
			buildActionMask = 2147483647;
			files = (
				8EA09EAD244904ED005E3E4E /* AppDelegate.swift in Sources */,
				8EA09EAF244904ED005E3E4E /* SceneDelegate.swift in Sources */,
				8EA09EB1244904ED005E3E4E /* ContentView.swift in Sources */,
			);
			runOnlyForDeploymentPostprocessing = 0;
		};
		8EA09EBB244904EF005E3E4E /* Sources */ = {
			isa = PBXSourcesBuildPhase;
			buildActionMask = 2147483647;
			files = (
				8EA09EC4244904EF005E3E4E /* WeSplitTests.swift in Sources */,
			);
			runOnlyForDeploymentPostprocessing = 0;
		};
		8EA09EC6244904EF005E3E4E /* Sources */ = {
			isa = PBXSourcesBuildPhase;
			buildActionMask = 2147483647;
			files = (
				8EA09ECF244904EF005E3E4E /* WeSplitUITests.swift in Sources */,
			);
			runOnlyForDeploymentPostprocessing = 0;
		};
/* End PBXSourcesBuildPhase section */

/* Begin PBXTargetDependency section */
		8EA09EC1244904EF005E3E4E /* PBXTargetDependency */ = {
			isa = PBXTargetDependency;
			target = 8EA09EA8244904ED005E3E4E /* WeSplit */;
			targetProxy = 8EA09EC0244904EF005E3E4E /* PBXContainerItemProxy */;
		};
		8EA09ECC244904EF005E3E4E /* PBXTargetDependency */ = {
			isa = PBXTargetDependency;
			target = 8EA09EA8244904ED005E3E4E /* WeSplit */;
			targetProxy = 8EA09ECB244904EF005E3E4E /* PBXContainerItemProxy */;
		};
/* End PBXTargetDependency section */

/* Begin PBXVariantGroup section */
		8EA09EB7244904EF005E3E4E /* LaunchScreen.storyboard */ = {
			isa = PBXVariantGroup;
			children = (
				8EA09EB8244904EF005E3E4E /* Base */,
			);
			name = LaunchScreen.storyboard;
			sourceTree = "<group>";
		};
/* End PBXVariantGroup section */

/* Begin XCBuildConfiguration section */
		8EA09ED1244904EF005E3E4E /* Debug */ = {
			isa = XCBuildConfiguration;
			buildSettings = {
				ALWAYS_SEARCH_USER_PATHS = NO;
				CLANG_ANALYZER_NONNULL = YES;
				CLANG_ANALYZER_NUMBER_OBJECT_CONVERSION = YES_AGGRESSIVE;
				CLANG_CXX_LANGUAGE_STANDARD = "gnu++14";
				CLANG_CXX_LIBRARY = "libc++";
				CLANG_ENABLE_MODULES = YES;
				CLANG_ENABLE_OBJC_ARC = YES;
				CLANG_ENABLE_OBJC_WEAK = YES;
				CLANG_WARN_BLOCK_CAPTURE_AUTORELEASING = YES;
				CLANG_WARN_BOOL_CONVERSION = YES;
				CLANG_WARN_COMMA = YES;
				CLANG_WARN_CONSTANT_CONVERSION = YES;
				CLANG_WARN_DEPRECATED_OBJC_IMPLEMENTATIONS = YES;
				CLANG_WARN_DIRECT_OBJC_ISA_USAGE = YES_ERROR;
				CLANG_WARN_DOCUMENTATION_COMMENTS = YES;
				CLANG_WARN_EMPTY_BODY = YES;
				CLANG_WARN_ENUM_CONVERSION = YES;
				CLANG_WARN_INFINITE_RECURSION = YES;
				CLANG_WARN_INT_CONVERSION = YES;
				CLANG_WARN_NON_LITERAL_NULL_CONVERSION = YES;
				CLANG_WARN_OBJC_IMPLICIT_RETAIN_SELF = YES;
				CLANG_WARN_OBJC_LITERAL_CONVERSION = YES;
				CLANG_WARN_OBJC_ROOT_CLASS = YES_ERROR;
				CLANG_WARN_RANGE_LOOP_ANALYSIS = YES;
				CLANG_WARN_STRICT_PROTOTYPES = YES;
				CLANG_WARN_SUSPICIOUS_MOVE = YES;
				CLANG_WARN_UNGUARDED_AVAILABILITY = YES_AGGRESSIVE;
				CLANG_WARN_UNREACHABLE_CODE = YES;
				CLANG_WARN__DUPLICATE_METHOD_MATCH = YES;
				COPY_PHASE_STRIP = NO;
				DEBUG_INFORMATION_FORMAT = dwarf;
				ENABLE_STRICT_OBJC_MSGSEND = YES;
				ENABLE_TESTABILITY = YES;
				GCC_C_LANGUAGE_STANDARD = gnu11;
				GCC_DYNAMIC_NO_PIC = NO;
				GCC_NO_COMMON_BLOCKS = YES;
				GCC_OPTIMIZATION_LEVEL = 0;
				GCC_PREPROCESSOR_DEFINITIONS = (
					"DEBUG=1",
					"$(inherited)",
				);
				GCC_WARN_64_TO_32_BIT_CONVERSION = YES;
				GCC_WARN_ABOUT_RETURN_TYPE = YES_ERROR;
				GCC_WARN_UNDECLARED_SELECTOR = YES;
				GCC_WARN_UNINITIALIZED_AUTOS = YES_AGGRESSIVE;
				GCC_WARN_UNUSED_FUNCTION = YES;
				GCC_WARN_UNUSED_VARIABLE = YES;
				IPHONEOS_DEPLOYMENT_TARGET = 13.4;
				MTL_ENABLE_DEBUG_INFO = INCLUDE_SOURCE;
				MTL_FAST_MATH = YES;
				ONLY_ACTIVE_ARCH = YES;
				SDKROOT = iphoneos;
				SWIFT_ACTIVE_COMPILATION_CONDITIONS = DEBUG;
				SWIFT_OPTIMIZATION_LEVEL = "-Onone";
			};
			name = Debug;
		};
		8EA09ED2244904EF005E3E4E /* Release */ = {
			isa = XCBuildConfiguration;
			buildSettings = {
				ALWAYS_SEARCH_USER_PATHS = NO;
				CLANG_ANALYZER_NONNULL = YES;
				CLANG_ANALYZER_NUMBER_OBJECT_CONVERSION = YES_AGGRESSIVE;
				CLANG_CXX_LANGUAGE_STANDARD = "gnu++14";
				CLANG_CXX_LIBRARY = "libc++";
				CLANG_ENABLE_MODULES = YES;
				CLANG_ENABLE_OBJC_ARC = YES;
				CLANG_ENABLE_OBJC_WEAK = YES;
				CLANG_WARN_BLOCK_CAPTURE_AUTORELEASING = YES;
				CLANG_WARN_BOOL_CONVERSION = YES;
				CLANG_WARN_COMMA = YES;
				CLANG_WARN_CONSTANT_CONVERSION = YES;
				CLANG_WARN_DEPRECATED_OBJC_IMPLEMENTATIONS = YES;
				CLANG_WARN_DIRECT_OBJC_ISA_USAGE = YES_ERROR;
				CLANG_WARN_DOCUMENTATION_COMMENTS = YES;
				CLANG_WARN_EMPTY_BODY = YES;
				CLANG_WARN_ENUM_CONVERSION = YES;
				CLANG_WARN_INFINITE_RECURSION = YES;
				CLANG_WARN_INT_CONVERSION = YES;
				CLANG_WARN_NON_LITERAL_NULL_CONVERSION = YES;
				CLANG_WARN_OBJC_IMPLICIT_RETAIN_SELF = YES;
				CLANG_WARN_OBJC_LITERAL_CONVERSION = YES;
				CLANG_WARN_OBJC_ROOT_CLASS = YES_ERROR;
				CLANG_WARN_RANGE_LOOP_ANALYSIS = YES;
				CLANG_WARN_STRICT_PROTOTYPES = YES;
				CLANG_WARN_SUSPICIOUS_MOVE = YES;
				CLANG_WARN_UNGUARDED_AVAILABILITY = YES_AGGRESSIVE;
				CLANG_WARN_UNREACHABLE_CODE = YES;
				CLANG_WARN__DUPLICATE_METHOD_MATCH = YES;
				COPY_PHASE_STRIP = NO;
				DEBUG_INFORMATION_FORMAT = "dwarf-with-dsym";
				ENABLE_NS_ASSERTIONS = NO;
				ENABLE_STRICT_OBJC_MSGSEND = YES;
				GCC_C_LANGUAGE_STANDARD = gnu11;
				GCC_NO_COMMON_BLOCKS = YES;
				GCC_WARN_64_TO_32_BIT_CONVERSION = YES;
				GCC_WARN_ABOUT_RETURN_TYPE = YES_ERROR;
				GCC_WARN_UNDECLARED_SELECTOR = YES;
				GCC_WARN_UNINITIALIZED_AUTOS = YES_AGGRESSIVE;
				GCC_WARN_UNUSED_FUNCTION = YES;
				GCC_WARN_UNUSED_VARIABLE = YES;
				IPHONEOS_DEPLOYMENT_TARGET = 13.4;
				MTL_ENABLE_DEBUG_INFO = NO;
				MTL_FAST_MATH = YES;
				SDKROOT = iphoneos;
				SWIFT_COMPILATION_MODE = wholemodule;
				SWIFT_OPTIMIZATION_LEVEL = "-O";
				VALIDATE_PRODUCT = YES;
			};
			name = Release;
		};
		8EA09ED4244904EF005E3E4E /* Debug */ = {
			isa = XCBuildConfiguration;
			buildSettings = {
				ASSETCATALOG_COMPILER_APPICON_NAME = AppIcon;
				CODE_SIGN_STYLE = Automatic;
				DEVELOPMENT_ASSET_PATHS = "\"WeSplit/Preview Content\"";
				DEVELOPMENT_TEAM = 76T37C7ZY5;
				ENABLE_PREVIEWS = YES;
				INFOPLIST_FILE = WeSplit/Info.plist;
				LD_RUNPATH_SEARCH_PATHS = (
					"$(inherited)",
					"@executable_path/Frameworks",
				);
				PRODUCT_BUNDLE_IDENTIFIER = com.dirisu.WeSplit;
				PRODUCT_NAME = "$(TARGET_NAME)";
				SWIFT_VERSION = 5.0;
				TARGETED_DEVICE_FAMILY = "1,2";
			};
			name = Debug;
		};
		8EA09ED5244904EF005E3E4E /* Release */ = {
			isa = XCBuildConfiguration;
			buildSettings = {
				ASSETCATALOG_COMPILER_APPICON_NAME = AppIcon;
				CODE_SIGN_STYLE = Automatic;
				DEVELOPMENT_ASSET_PATHS = "\"WeSplit/Preview Content\"";
				DEVELOPMENT_TEAM = 76T37C7ZY5;
				ENABLE_PREVIEWS = YES;
				INFOPLIST_FILE = WeSplit/Info.plist;
				LD_RUNPATH_SEARCH_PATHS = (
					"$(inherited)",
					"@executable_path/Frameworks",
				);
				PRODUCT_BUNDLE_IDENTIFIER = com.dirisu.WeSplit;
				PRODUCT_NAME = "$(TARGET_NAME)";
				SWIFT_VERSION = 5.0;
				TARGETED_DEVICE_FAMILY = "1,2";
			};
			name = Release;
		};
		8EA09ED7244904EF005E3E4E /* Debug */ = {
			isa = XCBuildConfiguration;
			buildSettings = {
				ALWAYS_EMBED_SWIFT_STANDARD_LIBRARIES = YES;
				BUNDLE_LOADER = "$(TEST_HOST)";
				CODE_SIGN_STYLE = Automatic;
				DEVELOPMENT_TEAM = 76T37C7ZY5;
				INFOPLIST_FILE = WeSplitTests/Info.plist;
				IPHONEOS_DEPLOYMENT_TARGET = 13.4;
				LD_RUNPATH_SEARCH_PATHS = (
					"$(inherited)",
					"@executable_path/Frameworks",
					"@loader_path/Frameworks",
				);
				PRODUCT_BUNDLE_IDENTIFIER = com.dirisu.WeSplitTests;
				PRODUCT_NAME = "$(TARGET_NAME)";
				SWIFT_VERSION = 5.0;
				TARGETED_DEVICE_FAMILY = "1,2";
				TEST_HOST = "$(BUILT_PRODUCTS_DIR)/WeSplit.app/WeSplit";
			};
			name = Debug;
		};
		8EA09ED8244904EF005E3E4E /* Release */ = {
			isa = XCBuildConfiguration;
			buildSettings = {
				ALWAYS_EMBED_SWIFT_STANDARD_LIBRARIES = YES;
				BUNDLE_LOADER = "$(TEST_HOST)";
				CODE_SIGN_STYLE = Automatic;
				DEVELOPMENT_TEAM = 76T37C7ZY5;
				INFOPLIST_FILE = WeSplitTests/Info.plist;
				IPHONEOS_DEPLOYMENT_TARGET = 13.4;
				LD_RUNPATH_SEARCH_PATHS = (
					"$(inherited)",
					"@executable_path/Frameworks",
					"@loader_path/Frameworks",
				);
				PRODUCT_BUNDLE_IDENTIFIER = com.dirisu.WeSplitTests;
				PRODUCT_NAME = "$(TARGET_NAME)";
				SWIFT_VERSION = 5.0;
				TARGETED_DEVICE_FAMILY = "1,2";
				TEST_HOST = "$(BUILT_PRODUCTS_DIR)/WeSplit.app/WeSplit";
			};
			name = Release;
		};
		8EA09EDA244904EF005E3E4E /* Debug */ = {
			isa = XCBuildConfiguration;
			buildSettings = {
				ALWAYS_EMBED_SWIFT_STANDARD_LIBRARIES = YES;
				CODE_SIGN_STYLE = Automatic;
				DEVELOPMENT_TEAM = 76T37C7ZY5;
				INFOPLIST_FILE = WeSplitUITests/Info.plist;
				LD_RUNPATH_SEARCH_PATHS = (
					"$(inherited)",
					"@executable_path/Frameworks",
					"@loader_path/Frameworks",
				);
				PRODUCT_BUNDLE_IDENTIFIER = com.dirisu.WeSplitUITests;
				PRODUCT_NAME = "$(TARGET_NAME)";
				SWIFT_VERSION = 5.0;
				TARGETED_DEVICE_FAMILY = "1,2";
				TEST_TARGET_NAME = WeSplit;
			};
			name = Debug;
		};
		8EA09EDB244904EF005E3E4E /* Release */ = {
			isa = XCBuildConfiguration;
			buildSettings = {
				ALWAYS_EMBED_SWIFT_STANDARD_LIBRARIES = YES;
				CODE_SIGN_STYLE = Automatic;
				DEVELOPMENT_TEAM = 76T37C7ZY5;
				INFOPLIST_FILE = WeSplitUITests/Info.plist;
				LD_RUNPATH_SEARCH_PATHS = (
					"$(inherited)",
					"@executable_path/Frameworks",
					"@loader_path/Frameworks",
				);
				PRODUCT_BUNDLE_IDENTIFIER = com.dirisu.WeSplitUITests;
				PRODUCT_NAME = "$(TARGET_NAME)";
				SWIFT_VERSION = 5.0;
				TARGETED_DEVICE_FAMILY = "1,2";
				TEST_TARGET_NAME = WeSplit;
			};
			name = Release;
		};
/* End XCBuildConfiguration section */

/* Begin XCConfigurationList section */
		8EA09EA4244904ED005E3E4E /* Build configuration list for PBXProject "WeSplit" */ = {
			isa = XCConfigurationList;
			buildConfigurations = (
				8EA09ED1244904EF005E3E4E /* Debug */,
				8EA09ED2244904EF005E3E4E /* Release */,
			);
			defaultConfigurationIsVisible = 0;
			defaultConfigurationName = Release;
		};
		8EA09ED3244904EF005E3E4E /* Build configuration list for PBXNativeTarget "WeSplit" */ = {
			isa = XCConfigurationList;
			buildConfigurations = (
				8EA09ED4244904EF005E3E4E /* Debug */,
				8EA09ED5244904EF005E3E4E /* Release */,
			);
			defaultConfigurationIsVisible = 0;
			defaultConfigurationName = Release;
		};
		8EA09ED6244904EF005E3E4E /* Build configuration list for PBXNativeTarget "WeSplitTests" */ = {
			isa = XCConfigurationList;
			buildConfigurations = (
				8EA09ED7244904EF005E3E4E /* Debug */,
				8EA09ED8244904EF005E3E4E /* Release */,
			);
			defaultConfigurationIsVisible = 0;
			defaultConfigurationName = Release;
		};
		8EA09ED9244904EF005E3E4E /* Build configuration list for PBXNativeTarget "WeSplitUITests" */ = {
			isa = XCConfigurationList;
			buildConfigurations = (
				8EA09EDA244904EF005E3E4E /* Debug */,
				8EA09EDB244904EF005E3E4E /* Release */,
			);
			defaultConfigurationIsVisible = 0;
			defaultConfigurationName = Release;
		};
/* End XCConfigurationList section */
	};
	rootObject = 8EA09EA1244904ED005E3E4E /* Project object */;
}
